
Microsoft Visual Studio Solution File, Format Version 12.00
# Visual Studio 15
VisualStudioVersion = 15.0.28010.2016
MinimumVisualStudioVersion = 10.0.40219.1
Project("{FAE04EC0-301F-11D3-BF4B-00C04F79EFBC}") = "GottaShootEmUp!", "ShootShapesUp\GottaShootEmUp!.csproj", "{FAB248B4-B5F7-426E-925C-4BE31FC22158}"
EndProject
Global
	GlobalSection(SolutionConfigurationPlatforms) = preSolution
		Debug|x86 = Debug|x86
		Release|x86 = Release|x86
	EndGlobalSection
	GlobalSection(ProjectConfigurationPlatforms) = postSolution
		{FAB248B4-B5F7-426E-925C-4BE31FC22158}.Debug|x86.ActiveCfg = Debug|x86
		{FAB248B4-B5F7-426E-925C-4BE31FC22158}.Debug|x86.Build.0 = Debug|x86
		{FAB248B4-B5F7-426E-925C-4BE31FC22158}.Release|x86.ActiveCfg = Release|x86
		{FAB248B4-B5F7-426E-925C-4BE31FC22158}.Release|x86.Build.0 = Release|x86
	EndGlobalSection
	GlobalSection(SolutionProperties) = preSolution
		HideSolutionNode = FALSE
	EndGlobalSection
	GlobalSection(ExtensibilityGlobals) = postSolution
		SolutionGuid = {F6AD7057-94A3-44B3-9727-7E8CC3B65269}
	EndGlobalSection
EndGlobal
